
Microsoft Visual Studio Solution File, Format Version 12.00
# Visual Studio 14
VisualStudioVersion = 14.0.25420.1
MinimumVisualStudioVersion = 10.0.40219.1
Project("{FAE04EC0-301F-11D3-BF4B-00C04F79EFBC}") = "khmap", "khmap.csproj", "{68B2B6D9-282D-4B81-9D64-89196180E1CE}"
EndProject
Global
	GlobalSection(SolutionConfigurationPlatforms) = preSolution
		Debug|Any CPU = Debug|Any CPU
		Release|Any CPU = Release|Any CPU
	EndGlobalSection
	GlobalSection(ProjectConfigurationPlatforms) = postSolution
		{68B2B6D9-282D-4B81-9D64-89196180E1CE}.Debug|Any CPU.ActiveCfg = Debug|Any CPU
		{68B2B6D9-282D-4B81-9D64-89196180E1CE}.Debug|Any CPU.Build.0 = Debug|Any CPU
		{68B2B6D9-282D-4B81-9D64-89196180E1CE}.Release|Any CPU.ActiveCfg = Release|Any CPU
		{68B2B6D9-282D-4B81-9D64-89196180E1CE}.Release|Any CPU.Build.0 = Release|Any CPU
	EndGlobalSection
	GlobalSection(SolutionProperties) = preSolution
		HideSolutionNode = FALSE
	EndGlobalSection
EndGlobal
